
Microsoft Visual Studio Solution File, Format Version 12.00
# Visual Studio 15
VisualStudioVersion = 15.0.27130.2036
MinimumVisualStudioVersion = 10.0.40219.1
Project("{FAE04EC0-301F-11D3-BF4B-00C04F79EFBC}") = "Bing", "src\Bing.Core\Bing.csproj", "{39F3E099-6B64-4AD5-884E-2A0628D9D74C}"
EndProject
Project("{FAE04EC0-301F-11D3-BF4B-00C04F79EFBC}") = "Bing.Utils", "src\Bing.Utils\Bing.Utils.csproj", "{5C376212-12A7-4F32-BF86-D410AAC38B63}"
EndProject
Project("{FAE04EC0-301F-11D3-BF4B-00C04F79EFBC}") = "Bing.Samples.Consoles", "sample\Bing.Samples.Consoles\Bing.Samples.Consoles.csproj", "{0EB3D454-E719-4973-B411-CCA42AA9A72A}"
EndProject
Project("{2150E333-8FDC-42A3-9474-1A3956D46DE8}") = "01-src", "01-src", "{EFB7FB57-63B8-4E5D-9748-E97B10990BFE}"
EndProject
Project("{2150E333-8FDC-42A3-9474-1A3956D46DE8}") = "02-samples", "02-samples", "{E493FC78-16DB-40DA-8463-B2CA97DF3B2B}"
EndProject
Project("{FAE04EC0-301F-11D3-BF4B-00C04F79EFBC}") = "Bing.Samples.Api", "sample\Bing.Samples.Api\Bing.Samples.Api.csproj", "{FC7C5639-86FB-41EC-B2F9-DFDCAC86E3EB}"
EndProject
Project("{FAE04EC0-301F-11D3-BF4B-00C04F79EFBC}") = "Bing.Samples.Services", "sample\Bing.Samples.Services\Bing.Samples.Services.csproj", "{9C2B2D2F-B662-4E11-A0E8-7ECA6710E403}"
	ProjectSection(ProjectDependencies) = postProject
		{1C5A2143-7E3C-488C-ABB2-C44D78391EFA} = {1C5A2143-7E3C-488C-ABB2-C44D78391EFA}
		{86D581E8-824E-4741-8FF2-11A03095A3FE} = {86D581E8-824E-4741-8FF2-11A03095A3FE}
	EndProjectSection
EndProject
Project("{FAE04EC0-301F-11D3-BF4B-00C04F79EFBC}") = "Bing.Logs", "src\Bing.Logs\Bing.Logs.csproj", "{A2E6647C-8867-4059-860A-114CC4A2F388}"
EndProject
Project("{FAE04EC0-301F-11D3-BF4B-00C04F79EFBC}") = "Bing.Security", "src\Bing.Security\Bing.Security.csproj", "{313EC0B5-ECBA-4225-BBFC-6F5A1F51BC07}"
EndProject
Project("{FAE04EC0-301F-11D3-BF4B-00C04F79EFBC}") = "Bing.Logs.Exceptionless", "src\Bing.Logs.Exceptionless\Bing.Logs.Exceptionless.csproj", "{569CA993-406C-4939-BF3C-6461B7A52E3C}"
EndProject
Project("{2150E333-8FDC-42A3-9474-1A3956D46DE8}") = "00-Utils", "00-Utils", "{7E8EB0B0-2E8C-49BD-A44A-D4E6F21BDAE5}"
EndProject
Project("{2150E333-8FDC-42A3-9474-1A3956D46DE8}") = "01-Core", "01-Core", "{41A99352-5E70-4215-918C-8EDF76196E60}"
EndProject
Project("{2150E333-8FDC-42A3-9474-1A3956D46DE8}") = "02-Security", "02-Security", "{6C07C3FF-84A9-4D8D-A01F-BA3A3CA453E9}"
EndProject
Project("{2150E333-8FDC-42A3-9474-1A3956D46DE8}") = "03-Logs", "03-Logs", "{BC269F87-2807-4E76-A809-E1C549BD8A83}"
EndProject
Project("{FAE04EC0-301F-11D3-BF4B-00C04F79EFBC}") = "Bing.Logs.NLog", "src\Bing.Logs.NLog\Bing.Logs.NLog.csproj", "{A5461664-CF03-4444-AF7F-010C06353640}"
EndProject
Project("{FAE04EC0-301F-11D3-BF4B-00C04F79EFBC}") = "Bing.Logs.Log4Net", "src\Bing.Logs.Log4Net\Bing.Logs.Log4Net.csproj", "{A9CC27AA-8EF2-4792-A874-76D1D255B238}"
EndProject
Project("{FAE04EC0-301F-11D3-BF4B-00C04F79EFBC}") = "Bing.Aspects", "src\Bing.Aspects\Bing.Aspects.csproj", "{01992500-94B3-49F7-A619-6E9855E19CC6}"
EndProject
Project("{2150E333-8FDC-42A3-9474-1A3956D46DE8}") = "04-Datas", "04-Datas", "{F2F07158-DFC9-4A39-8740-611605A6A504}"
EndProject
Project("{FAE04EC0-301F-11D3-BF4B-00C04F79EFBC}") = "Bing.Datas.EntityFramework", "src\Bing.Datas.EntityFramework\Bing.Datas.EntityFramework.csproj", "{9094029B-31BE-4CA3-81A5-9337DDA519A0}"
EndProject
Project("{FAE04EC0-301F-11D3-BF4B-00C04F79EFBC}") = "Bing.Datas.EntityFramework.MySql", "src\Bing.Datas.EntityFramework.MySql\Bing.Datas.EntityFramework.MySql.csproj", "{BB95E7DF-E529-4326-AD7A-A8EC61C0F977}"
EndProject
Project("{FAE04EC0-301F-11D3-BF4B-00C04F79EFBC}") = "Bing.Datas.EntityFramework.SqlServer", "src\Bing.Datas.EntityFramework.SqlServer\Bing.Datas.EntityFramework.SqlServer.csproj", "{7959BEFC-AE4E-407C-B008-6AD0A8146D3D}"
EndProject
Project("{FAE04EC0-301F-11D3-BF4B-00C04F79EFBC}") = "Bing.Samples.Datas", "sample\Bing.Samples.Datas\Bing.Samples.Datas.csproj", "{86D581E8-824E-4741-8FF2-11A03095A3FE}"
	ProjectSection(ProjectDependencies) = postProject
		{1C5A2143-7E3C-488C-ABB2-C44D78391EFA} = {1C5A2143-7E3C-488C-ABB2-C44D78391EFA}
	EndProjectSection
EndProject
Project("{FAE04EC0-301F-11D3-BF4B-00C04F79EFBC}") = "Bing.Samples.Domains", "sample\Bing.Samples.Domains\Bing.Samples.Domains.csproj", "{1C5A2143-7E3C-488C-ABB2-C44D78391EFA}"
EndProject
Project("{FAE04EC0-301F-11D3-BF4B-00C04F79EFBC}") = "Bing.Utils.AutoMapper", "src\Bing.Utils.AutoMapper\Bing.Utils.AutoMapper.csproj", "{BA98013E-5EF7-40C1-984F-2B49E9F7FDC9}"
EndProject
Project("{FAE04EC0-301F-11D3-BF4B-00C04F79EFBC}") = "Bing.Utils.Encrypts", "src\Bing.Utils.Encrypts\Bing.Utils.Encrypts.csproj", "{A3AACC4E-314C-4C5C-A378-1489CB48E024}"
EndProject
Project("{2150E333-8FDC-42A3-9474-1A3956D46DE8}") = "05-Generate", "05-Generate", "{70D48CC6-A388-44F9-89AC-54E01028B8ED}"
EndProject
Project("{FAE04EC0-301F-11D3-BF4B-00C04F79EFBC}") = "Bing.DbGenerater", "src\Bing.DbGenerater\Bing.DbGenerater.csproj", "{AE49AE27-667C-4C23-A314-DC916401F683}"
EndProject
Project("{2150E333-8FDC-42A3-9474-1A3956D46DE8}") = "03-tests", "03-tests", "{35C1EAD9-9812-4B2E-ADD8-AC5B19BC142E}"
EndProject
Project("{FAE04EC0-301F-11D3-BF4B-00C04F79EFBC}") = "Bing.Generate.UnitTest", "test\Bing.Generate.UnitTest\Bing.Generate.UnitTest.csproj", "{30171529-AE57-48D2-9570-37F9BCD1BD9D}"
EndProject
Project("{FAE04EC0-301F-11D3-BF4B-00C04F79EFBC}") = "Bing.Utils.Webs", "src\Bing.Utils.Webs\Bing.Utils.Webs.csproj", "{0B39E366-1FFF-4372-8C1C-2CE2767A5909}"
EndProject
Project("{FAE04EC0-301F-11D3-BF4B-00C04F79EFBC}") = "Bing.UnitTest", "test\Bing.UnitTest\Bing.UnitTest.csproj", "{CD5D6A26-80AC-4CD5-8E3D-2A9937F32004}"
EndProject
Project("{FAE04EC0-301F-11D3-BF4B-00C04F79EFBC}") = "Bing.Utils.UnitTest", "test\Bing.Utils.UnitTest\Bing.Utils.UnitTest.csproj", "{4686B608-386A-45B3-A1DB-D322053A77C6}"
EndProject
Project("{FAE04EC0-301F-11D3-BF4B-00C04F79EFBC}") = "Bing.MQ.RabbitMQ", "src\Bing.MQ.RabbitMQ\Bing.MQ.RabbitMQ.csproj", "{9386E9EC-C11B-49CE-9155-ABD17627B8F6}"
EndProject
Project("{FAE04EC0-301F-11D3-BF4B-00C04F79EFBC}") = "Bing.Samples.RabbitMQ.Host", "sample\Bing.Samples.RabbitMQ.Host\Bing.Samples.RabbitMQ.Host.csproj", "{E8736725-0E7D-4427-833D-78D77FE14523}"
EndProject
Project("{FAE04EC0-301F-11D3-BF4B-00C04F79EFBC}") = "Bing.Samples.RabbitMQ.Client", "sample\Bing.Samples.RabbitMQ.Client\Bing.Samples.RabbitMQ.Client.csproj", "{B64E8DEF-139B-4CA6-9BA7-3DD5C610C174}"
EndProject
Project("{2150E333-8FDC-42A3-9474-1A3956D46DE8}") = "06-Tools", "06-Tools", "{09F0B568-FD1F-4407-B525-4DCC13107011}"
EndProject
Project("{2150E333-8FDC-42A3-9474-1A3956D46DE8}") = "Offices", "Offices", "{71BFAF76-39E6-4F12-A425-12E745CC63E2}"
EndProject
Project("{FAE04EC0-301F-11D3-BF4B-00C04F79EFBC}") = "Bing.Offices", "src\Bing.Offices\Bing.Offices.csproj", "{3AE260A3-CB24-4098-9204-78E7582D6B70}"
EndProject
Project("{FAE04EC0-301F-11D3-BF4B-00C04F79EFBC}") = "Bing.Offices.Npoi", "src\Bing.Offices.Npoi\Bing.Offices.Npoi.csproj", "{C1D927F4-61F0-41E8-A3AE-4F77FD0F9900}"
EndProject
Project("{FAE04EC0-301F-11D3-BF4B-00C04F79EFBC}") = "Bing.Caching.Redis", "src\Bing.Caching.Redis\Bing.Caching.Redis.csproj", "{E444DBB7-207F-475E-BA7B-D198342DAA03}"
EndProject
Project("{FAE04EC0-301F-11D3-BF4B-00C04F79EFBC}") = "Bing.Caching.Redis.UnitTest", "test\Bing.Caching.Redis.UnitTest\Bing.Caching.Redis.UnitTest.csproj", "{FB5C7AA3-CCB9-485E-8AA6-2FAFA5A2D178}"
EndProject
Project("{FAE04EC0-301F-11D3-BF4B-00C04F79EFBC}") = "Bing.Utils.Encrypts.UnitTest", "test\Bing.Utils.Encrypts.UnitTest\Bing.Utils.Encrypts.UnitTest.csproj", "{8C9DCDE9-748A-49D0-8755-252DF2059384}"
EndProject
Project("{2150E333-8FDC-42A3-9474-1A3956D46DE8}") = "00-document", "00-document", "{976E217F-B15F-4F81-AC7B-A6C441A866FA}"
	ProjectSection(SolutionItems) = preProject
		Publish.Packages.bat = Publish.Packages.bat
		README.md = README.md
	EndProjectSection
EndProject
Project("{FAE04EC0-301F-11D3-BF4B-00C04F79EFBC}") = "Bing.Utils.AutoMapper.UnitTest", "test\Bing.Utils.AutoMapper.UnitTest\Bing.Utils.AutoMapper.UnitTest.csproj", "{77DFE992-9EA1-4285-9D33-982C6BF17675}"
EndProject
Project("{FAE04EC0-301F-11D3-BF4B-00C04F79EFBC}") = "Bing.Comments", "src\Bing.Comments\Bing.Comments.csproj", "{998E9900-383F-44CB-A261-43BE545B870C}"
EndProject
Project("{FAE04EC0-301F-11D3-BF4B-00C04F79EFBC}") = "Bing.Comments.UnitTest", "test\Bing.Comments.UnitTest\Bing.Comments.UnitTest.csproj", "{99CE54E8-2CA6-4E9E-9518-8B1BB680AFA9}"
EndProject
Project("{FAE04EC0-301F-11D3-BF4B-00C04F79EFBC}") = "Bing.WebApi", "src\Bing.WebApi\Bing.WebApi.csproj", "{DB6CE6C9-DA58-4029-8FFF-B0FA8E979D88}"
EndProject
Project("{FAE04EC0-301F-11D3-BF4B-00C04F79EFBC}") = "Bing.Utils.Winform", "src\Bing.Utils.Winform\Bing.Utils.Winform.csproj", "{75C25E63-5602-4417-8D8A-0D22DB894FE8}"
EndProject
Project("{FAE04EC0-301F-11D3-BF4B-00C04F79EFBC}") = "Bing.Utils.Winform.UnitTest", "test\Bing.Utils.Winform.UnitTest\Bing.Utils.Winform.UnitTest.csproj", "{E85D5A4E-394D-4E74-AE07-E92CBB6A8FD7}"
EndProject
Project("{FAE04EC0-301F-11D3-BF4B-00C04F79EFBC}") = "Bing.Events", "src\Bing.Events\Bing.Events.csproj", "{64D68A7E-6B90-416A-BE69-EC74F37E1A4E}"
EndProject
Project("{FAE04EC0-301F-11D3-BF4B-00C04F79EFBC}") = "Bing.Events.RabbitMQ", "src\Bing.Events.RabbitMQ\Bing.Events.RabbitMQ.csproj", "{780A2A7F-E1C2-4BEB-B19F-CE646C071E22}"
EndProject
Project("{FAE04EC0-301F-11D3-BF4B-00C04F79EFBC}") = "Bing.Compression", "src\Bing.Compression\Bing.Compression.csproj", "{960D335B-C40E-4635-AFD9-26FC87DAD2C3}"
EndProject
Project("{FAE04EC0-301F-11D3-BF4B-00C04F79EFBC}") = "Bing.Compression.SevenZip", "src\Bing.Compression.SevenZip\Bing.Compression.SevenZip.csproj", "{A0704064-BDF1-496A-8DFD-B0185872E26D}"
EndProject
Project("{FAE04EC0-301F-11D3-BF4B-00C04F79EFBC}") = "Bing.Sms", "src\Bing.Sms\Bing.Sms.csproj", "{51D35362-AC32-4FAC-96FC-A48F8DB25D89}"
EndProject
Project("{FAE04EC0-301F-11D3-BF4B-00C04F79EFBC}") = "Bing.Tools.QrCode", "src\Bing.Tools.QrCode\Bing.Tools.QrCode.csproj", "{89B30E2C-C4F7-4F5D-B1A2-4EFDD20B8BFE}"
EndProject
Project("{FAE04EC0-301F-11D3-BF4B-00C04F79EFBC}") = "Bing.Tools.QrCode.ZXing", "src\Bing.Tools.QrCode.ZXing\Bing.Tools.QrCode.ZXing.csproj", "{007A14D0-7395-4AA0-8507-EB8D677BC757}"
EndProject
Project("{FAE04EC0-301F-11D3-BF4B-00C04F79EFBC}") = "Bing.Tools.QrCode.UnitTest", "test\Bing.Tools.QrCode.UnitTest\Bing.Tools.QrCode.UnitTest.csproj", "{ED34F27F-AC13-4371-B654-113C4E8FCA5B}"
EndProject
Project("{FAE04EC0-301F-11D3-BF4B-00C04F79EFBC}") = "Bing.Autofac", "src\Bing.Autofac\Bing.Autofac.csproj", "{308D8039-C44C-49CF-AF8E-4DCC60246FD1}"
EndProject
Global
	GlobalSection(SolutionConfigurationPlatforms) = preSolution
		Debug|Any CPU = Debug|Any CPU
		Release|Any CPU = Release|Any CPU
	EndGlobalSection
	GlobalSection(ProjectConfigurationPlatforms) = postSolution
		{39F3E099-6B64-4AD5-884E-2A0628D9D74C}.Debug|Any CPU.ActiveCfg = Debug|Any CPU
		{39F3E099-6B64-4AD5-884E-2A0628D9D74C}.Debug|Any CPU.Build.0 = Debug|Any CPU
		{39F3E099-6B64-4AD5-884E-2A0628D9D74C}.Release|Any CPU.ActiveCfg = Release|Any CPU
		{39F3E099-6B64-4AD5-884E-2A0628D9D74C}.Release|Any CPU.Build.0 = Release|Any CPU
		{5C376212-12A7-4F32-BF86-D410AAC38B63}.Debug|Any CPU.ActiveCfg = Debug|Any CPU
		{5C376212-12A7-4F32-BF86-D410AAC38B63}.Debug|Any CPU.Build.0 = Debug|Any CPU
		{5C376212-12A7-4F32-BF86-D410AAC38B63}.Release|Any CPU.ActiveCfg = Release|Any CPU
		{5C376212-12A7-4F32-BF86-D410AAC38B63}.Release|Any CPU.Build.0 = Release|Any CPU
		{0EB3D454-E719-4973-B411-CCA42AA9A72A}.Debug|Any CPU.ActiveCfg = Debug|Any CPU
		{0EB3D454-E719-4973-B411-CCA42AA9A72A}.Debug|Any CPU.Build.0 = Debug|Any CPU
		{0EB3D454-E719-4973-B411-CCA42AA9A72A}.Release|Any CPU.ActiveCfg = Release|Any CPU
		{0EB3D454-E719-4973-B411-CCA42AA9A72A}.Release|Any CPU.Build.0 = Release|Any CPU
		{FC7C5639-86FB-41EC-B2F9-DFDCAC86E3EB}.Debug|Any CPU.ActiveCfg = Debug|Any CPU
		{FC7C5639-86FB-41EC-B2F9-DFDCAC86E3EB}.Debug|Any CPU.Build.0 = Debug|Any CPU
		{FC7C5639-86FB-41EC-B2F9-DFDCAC86E3EB}.Release|Any CPU.ActiveCfg = Release|Any CPU
		{FC7C5639-86FB-41EC-B2F9-DFDCAC86E3EB}.Release|Any CPU.Build.0 = Release|Any CPU
		{9C2B2D2F-B662-4E11-A0E8-7ECA6710E403}.Debug|Any CPU.ActiveCfg = Debug|Any CPU
		{9C2B2D2F-B662-4E11-A0E8-7ECA6710E403}.Debug|Any CPU.Build.0 = Debug|Any CPU
		{9C2B2D2F-B662-4E11-A0E8-7ECA6710E403}.Release|Any CPU.ActiveCfg = Release|Any CPU
		{9C2B2D2F-B662-4E11-A0E8-7ECA6710E403}.Release|Any CPU.Build.0 = Release|Any CPU
		{A2E6647C-8867-4059-860A-114CC4A2F388}.Debug|Any CPU.ActiveCfg = Debug|Any CPU
		{A2E6647C-8867-4059-860A-114CC4A2F388}.Debug|Any CPU.Build.0 = Debug|Any CPU
		{A2E6647C-8867-4059-860A-114CC4A2F388}.Release|Any CPU.ActiveCfg = Release|Any CPU
		{A2E6647C-8867-4059-860A-114CC4A2F388}.Release|Any CPU.Build.0 = Release|Any CPU
		{313EC0B5-ECBA-4225-BBFC-6F5A1F51BC07}.Debug|Any CPU.ActiveCfg = Debug|Any CPU
		{313EC0B5-ECBA-4225-BBFC-6F5A1F51BC07}.Debug|Any CPU.Build.0 = Debug|Any CPU
		{313EC0B5-ECBA-4225-BBFC-6F5A1F51BC07}.Release|Any CPU.ActiveCfg = Release|Any CPU
		{313EC0B5-ECBA-4225-BBFC-6F5A1F51BC07}.Release|Any CPU.Build.0 = Release|Any CPU
		{569CA993-406C-4939-BF3C-6461B7A52E3C}.Debug|Any CPU.ActiveCfg = Debug|Any CPU
		{569CA993-406C-4939-BF3C-6461B7A52E3C}.Debug|Any CPU.Build.0 = Debug|Any CPU
		{569CA993-406C-4939-BF3C-6461B7A52E3C}.Release|Any CPU.ActiveCfg = Release|Any CPU
		{569CA993-406C-4939-BF3C-6461B7A52E3C}.Release|Any CPU.Build.0 = Release|Any CPU
		{A5461664-CF03-4444-AF7F-010C06353640}.Debug|Any CPU.ActiveCfg = Debug|Any CPU
		{A5461664-CF03-4444-AF7F-010C06353640}.Debug|Any CPU.Build.0 = Debug|Any CPU
		{A5461664-CF03-4444-AF7F-010C06353640}.Release|Any CPU.ActiveCfg = Release|Any CPU
		{A5461664-CF03-4444-AF7F-010C06353640}.Release|Any CPU.Build.0 = Release|Any CPU
		{A9CC27AA-8EF2-4792-A874-76D1D255B238}.Debug|Any CPU.ActiveCfg = Debug|Any CPU
		{A9CC27AA-8EF2-4792-A874-76D1D255B238}.Debug|Any CPU.Build.0 = Debug|Any CPU
		{A9CC27AA-8EF2-4792-A874-76D1D255B238}.Release|Any CPU.ActiveCfg = Release|Any CPU
		{A9CC27AA-8EF2-4792-A874-76D1D255B238}.Release|Any CPU.Build.0 = Release|Any CPU
		{01992500-94B3-49F7-A619-6E9855E19CC6}.Debug|Any CPU.ActiveCfg = Debug|Any CPU
		{01992500-94B3-49F7-A619-6E9855E19CC6}.Debug|Any CPU.Build.0 = Debug|Any CPU
		{01992500-94B3-49F7-A619-6E9855E19CC6}.Release|Any CPU.ActiveCfg = Release|Any CPU
		{01992500-94B3-49F7-A619-6E9855E19CC6}.Release|Any CPU.Build.0 = Release|Any CPU
		{9094029B-31BE-4CA3-81A5-9337DDA519A0}.Debug|Any CPU.ActiveCfg = Debug|Any CPU
		{9094029B-31BE-4CA3-81A5-9337DDA519A0}.Debug|Any CPU.Build.0 = Debug|Any CPU
		{9094029B-31BE-4CA3-81A5-9337DDA519A0}.Release|Any CPU.ActiveCfg = Release|Any CPU
		{9094029B-31BE-4CA3-81A5-9337DDA519A0}.Release|Any CPU.Build.0 = Release|Any CPU
		{BB95E7DF-E529-4326-AD7A-A8EC61C0F977}.Debug|Any CPU.ActiveCfg = Debug|Any CPU
		{BB95E7DF-E529-4326-AD7A-A8EC61C0F977}.Debug|Any CPU.Build.0 = Debug|Any CPU
		{BB95E7DF-E529-4326-AD7A-A8EC61C0F977}.Release|Any CPU.ActiveCfg = Release|Any CPU
		{BB95E7DF-E529-4326-AD7A-A8EC61C0F977}.Release|Any CPU.Build.0 = Release|Any CPU
		{7959BEFC-AE4E-407C-B008-6AD0A8146D3D}.Debug|Any CPU.ActiveCfg = Debug|Any CPU
		{7959BEFC-AE4E-407C-B008-6AD0A8146D3D}.Debug|Any CPU.Build.0 = Debug|Any CPU
		{7959BEFC-AE4E-407C-B008-6AD0A8146D3D}.Release|Any CPU.ActiveCfg = Release|Any CPU
		{7959BEFC-AE4E-407C-B008-6AD0A8146D3D}.Release|Any CPU.Build.0 = Release|Any CPU
		{86D581E8-824E-4741-8FF2-11A03095A3FE}.Debug|Any CPU.ActiveCfg = Debug|Any CPU
		{86D581E8-824E-4741-8FF2-11A03095A3FE}.Debug|Any CPU.Build.0 = Debug|Any CPU
		{86D581E8-824E-4741-8FF2-11A03095A3FE}.Release|Any CPU.ActiveCfg = Release|Any CPU
		{86D581E8-824E-4741-8FF2-11A03095A3FE}.Release|Any CPU.Build.0 = Release|Any CPU
		{1C5A2143-7E3C-488C-ABB2-C44D78391EFA}.Debug|Any CPU.ActiveCfg = Debug|Any CPU
		{1C5A2143-7E3C-488C-ABB2-C44D78391EFA}.Debug|Any CPU.Build.0 = Debug|Any CPU
		{1C5A2143-7E3C-488C-ABB2-C44D78391EFA}.Release|Any CPU.ActiveCfg = Release|Any CPU
		{1C5A2143-7E3C-488C-ABB2-C44D78391EFA}.Release|Any CPU.Build.0 = Release|Any CPU
		{BA98013E-5EF7-40C1-984F-2B49E9F7FDC9}.Debug|Any CPU.ActiveCfg = Debug|Any CPU
		{BA98013E-5EF7-40C1-984F-2B49E9F7FDC9}.Debug|Any CPU.Build.0 = Debug|Any CPU
		{BA98013E-5EF7-40C1-984F-2B49E9F7FDC9}.Release|Any CPU.ActiveCfg = Release|Any CPU
		{BA98013E-5EF7-40C1-984F-2B49E9F7FDC9}.Release|Any CPU.Build.0 = Release|Any CPU
		{A3AACC4E-314C-4C5C-A378-1489CB48E024}.Debug|Any CPU.ActiveCfg = Debug|Any CPU
		{A3AACC4E-314C-4C5C-A378-1489CB48E024}.Debug|Any CPU.Build.0 = Debug|Any CPU
		{A3AACC4E-314C-4C5C-A378-1489CB48E024}.Release|Any CPU.ActiveCfg = Release|Any CPU
		{A3AACC4E-314C-4C5C-A378-1489CB48E024}.Release|Any CPU.Build.0 = Release|Any CPU
		{AE49AE27-667C-4C23-A314-DC916401F683}.Debug|Any CPU.ActiveCfg = Debug|Any CPU
		{AE49AE27-667C-4C23-A314-DC916401F683}.Debug|Any CPU.Build.0 = Debug|Any CPU
		{AE49AE27-667C-4C23-A314-DC916401F683}.Release|Any CPU.ActiveCfg = Release|Any CPU
		{AE49AE27-667C-4C23-A314-DC916401F683}.Release|Any CPU.Build.0 = Release|Any CPU
		{30171529-AE57-48D2-9570-37F9BCD1BD9D}.Debug|Any CPU.ActiveCfg = Debug|Any CPU
		{30171529-AE57-48D2-9570-37F9BCD1BD9D}.Debug|Any CPU.Build.0 = Debug|Any CPU
		{30171529-AE57-48D2-9570-37F9BCD1BD9D}.Release|Any CPU.ActiveCfg = Release|Any CPU
		{30171529-AE57-48D2-9570-37F9BCD1BD9D}.Release|Any CPU.Build.0 = Release|Any CPU
		{0B39E366-1FFF-4372-8C1C-2CE2767A5909}.Debug|Any CPU.ActiveCfg = Debug|Any CPU
		{0B39E366-1FFF-4372-8C1C-2CE2767A5909}.Debug|Any CPU.Build.0 = Debug|Any CPU
		{0B39E366-1FFF-4372-8C1C-2CE2767A5909}.Release|Any CPU.ActiveCfg = Release|Any CPU
		{0B39E366-1FFF-4372-8C1C-2CE2767A5909}.Release|Any CPU.Build.0 = Release|Any CPU
		{CD5D6A26-80AC-4CD5-8E3D-2A9937F32004}.Debug|Any CPU.ActiveCfg = Debug|Any CPU
		{CD5D6A26-80AC-4CD5-8E3D-2A9937F32004}.Debug|Any CPU.Build.0 = Debug|Any CPU
		{CD5D6A26-80AC-4CD5-8E3D-2A9937F32004}.Release|Any CPU.ActiveCfg = Release|Any CPU
		{CD5D6A26-80AC-4CD5-8E3D-2A9937F32004}.Release|Any CPU.Build.0 = Release|Any CPU
		{4686B608-386A-45B3-A1DB-D322053A77C6}.Debug|Any CPU.ActiveCfg = Debug|Any CPU
		{4686B608-386A-45B3-A1DB-D322053A77C6}.Debug|Any CPU.Build.0 = Debug|Any CPU
		{4686B608-386A-45B3-A1DB-D322053A77C6}.Release|Any CPU.ActiveCfg = Release|Any CPU
		{4686B608-386A-45B3-A1DB-D322053A77C6}.Release|Any CPU.Build.0 = Release|Any CPU
		{9386E9EC-C11B-49CE-9155-ABD17627B8F6}.Debug|Any CPU.ActiveCfg = Debug|Any CPU
		{9386E9EC-C11B-49CE-9155-ABD17627B8F6}.Debug|Any CPU.Build.0 = Debug|Any CPU
		{9386E9EC-C11B-49CE-9155-ABD17627B8F6}.Release|Any CPU.ActiveCfg = Release|Any CPU
		{9386E9EC-C11B-49CE-9155-ABD17627B8F6}.Release|Any CPU.Build.0 = Release|Any CPU
		{E8736725-0E7D-4427-833D-78D77FE14523}.Debug|Any CPU.ActiveCfg = Debug|Any CPU
		{E8736725-0E7D-4427-833D-78D77FE14523}.Debug|Any CPU.Build.0 = Debug|Any CPU
		{E8736725-0E7D-4427-833D-78D77FE14523}.Release|Any CPU.ActiveCfg = Release|Any CPU
		{E8736725-0E7D-4427-833D-78D77FE14523}.Release|Any CPU.Build.0 = Release|Any CPU
		{B64E8DEF-139B-4CA6-9BA7-3DD5C610C174}.Debug|Any CPU.ActiveCfg = Debug|Any CPU
		{B64E8DEF-139B-4CA6-9BA7-3DD5C610C174}.Debug|Any CPU.Build.0 = Debug|Any CPU
		{B64E8DEF-139B-4CA6-9BA7-3DD5C610C174}.Release|Any CPU.ActiveCfg = Release|Any CPU
		{B64E8DEF-139B-4CA6-9BA7-3DD5C610C174}.Release|Any CPU.Build.0 = Release|Any CPU
		{3AE260A3-CB24-4098-9204-78E7582D6B70}.Debug|Any CPU.ActiveCfg = Debug|Any CPU
		{3AE260A3-CB24-4098-9204-78E7582D6B70}.Debug|Any CPU.Build.0 = Debug|Any CPU
		{3AE260A3-CB24-4098-9204-78E7582D6B70}.Release|Any CPU.ActiveCfg = Release|Any CPU
		{3AE260A3-CB24-4098-9204-78E7582D6B70}.Release|Any CPU.Build.0 = Release|Any CPU
		{C1D927F4-61F0-41E8-A3AE-4F77FD0F9900}.Debug|Any CPU.ActiveCfg = Debug|Any CPU
		{C1D927F4-61F0-41E8-A3AE-4F77FD0F9900}.Debug|Any CPU.Build.0 = Debug|Any CPU
		{C1D927F4-61F0-41E8-A3AE-4F77FD0F9900}.Release|Any CPU.ActiveCfg = Release|Any CPU
		{C1D927F4-61F0-41E8-A3AE-4F77FD0F9900}.Release|Any CPU.Build.0 = Release|Any CPU
		{E444DBB7-207F-475E-BA7B-D198342DAA03}.Debug|Any CPU.ActiveCfg = Debug|Any CPU
		{E444DBB7-207F-475E-BA7B-D198342DAA03}.Debug|Any CPU.Build.0 = Debug|Any CPU
		{E444DBB7-207F-475E-BA7B-D198342DAA03}.Release|Any CPU.ActiveCfg = Release|Any CPU
		{E444DBB7-207F-475E-BA7B-D198342DAA03}.Release|Any CPU.Build.0 = Release|Any CPU
		{FB5C7AA3-CCB9-485E-8AA6-2FAFA5A2D178}.Debug|Any CPU.ActiveCfg = Debug|Any CPU
		{FB5C7AA3-CCB9-485E-8AA6-2FAFA5A2D178}.Debug|Any CPU.Build.0 = Debug|Any CPU
		{FB5C7AA3-CCB9-485E-8AA6-2FAFA5A2D178}.Release|Any CPU.ActiveCfg = Release|Any CPU
		{FB5C7AA3-CCB9-485E-8AA6-2FAFA5A2D178}.Release|Any CPU.Build.0 = Release|Any CPU
		{8C9DCDE9-748A-49D0-8755-252DF2059384}.Debug|Any CPU.ActiveCfg = Debug|Any CPU
		{8C9DCDE9-748A-49D0-8755-252DF2059384}.Debug|Any CPU.Build.0 = Debug|Any CPU
		{8C9DCDE9-748A-49D0-8755-252DF2059384}.Release|Any CPU.ActiveCfg = Release|Any CPU
		{8C9DCDE9-748A-49D0-8755-252DF2059384}.Release|Any CPU.Build.0 = Release|Any CPU
		{77DFE992-9EA1-4285-9D33-982C6BF17675}.Debug|Any CPU.ActiveCfg = Debug|Any CPU
		{77DFE992-9EA1-4285-9D33-982C6BF17675}.Debug|Any CPU.Build.0 = Debug|Any CPU
		{77DFE992-9EA1-4285-9D33-982C6BF17675}.Release|Any CPU.ActiveCfg = Release|Any CPU
		{77DFE992-9EA1-4285-9D33-982C6BF17675}.Release|Any CPU.Build.0 = Release|Any CPU
		{998E9900-383F-44CB-A261-43BE545B870C}.Debug|Any CPU.ActiveCfg = Debug|Any CPU
		{998E9900-383F-44CB-A261-43BE545B870C}.Debug|Any CPU.Build.0 = Debug|Any CPU
		{998E9900-383F-44CB-A261-43BE545B870C}.Release|Any CPU.ActiveCfg = Release|Any CPU
		{998E9900-383F-44CB-A261-43BE545B870C}.Release|Any CPU.Build.0 = Release|Any CPU
		{99CE54E8-2CA6-4E9E-9518-8B1BB680AFA9}.Debug|Any CPU.ActiveCfg = Debug|Any CPU
		{99CE54E8-2CA6-4E9E-9518-8B1BB680AFA9}.Debug|Any CPU.Build.0 = Debug|Any CPU
		{99CE54E8-2CA6-4E9E-9518-8B1BB680AFA9}.Release|Any CPU.ActiveCfg = Release|Any CPU
		{99CE54E8-2CA6-4E9E-9518-8B1BB680AFA9}.Release|Any CPU.Build.0 = Release|Any CPU
		{DB6CE6C9-DA58-4029-8FFF-B0FA8E979D88}.Debug|Any CPU.ActiveCfg = Debug|Any CPU
		{DB6CE6C9-DA58-4029-8FFF-B0FA8E979D88}.Debug|Any CPU.Build.0 = Debug|Any CPU
		{DB6CE6C9-DA58-4029-8FFF-B0FA8E979D88}.Release|Any CPU.ActiveCfg = Release|Any CPU
		{DB6CE6C9-DA58-4029-8FFF-B0FA8E979D88}.Release|Any CPU.Build.0 = Release|Any CPU
		{75C25E63-5602-4417-8D8A-0D22DB894FE8}.Debug|Any CPU.ActiveCfg = Debug|Any CPU
		{75C25E63-5602-4417-8D8A-0D22DB894FE8}.Debug|Any CPU.Build.0 = Debug|Any CPU
		{75C25E63-5602-4417-8D8A-0D22DB894FE8}.Release|Any CPU.ActiveCfg = Release|Any CPU
		{75C25E63-5602-4417-8D8A-0D22DB894FE8}.Release|Any CPU.Build.0 = Release|Any CPU
		{E85D5A4E-394D-4E74-AE07-E92CBB6A8FD7}.Debug|Any CPU.ActiveCfg = Debug|Any CPU
		{E85D5A4E-394D-4E74-AE07-E92CBB6A8FD7}.Debug|Any CPU.Build.0 = Debug|Any CPU
		{E85D5A4E-394D-4E74-AE07-E92CBB6A8FD7}.Release|Any CPU.ActiveCfg = Release|Any CPU
		{E85D5A4E-394D-4E74-AE07-E92CBB6A8FD7}.Release|Any CPU.Build.0 = Release|Any CPU
		{64D68A7E-6B90-416A-BE69-EC74F37E1A4E}.Debug|Any CPU.ActiveCfg = Debug|Any CPU
		{64D68A7E-6B90-416A-BE69-EC74F37E1A4E}.Debug|Any CPU.Build.0 = Debug|Any CPU
		{64D68A7E-6B90-416A-BE69-EC74F37E1A4E}.Release|Any CPU.ActiveCfg = Release|Any CPU
		{64D68A7E-6B90-416A-BE69-EC74F37E1A4E}.Release|Any CPU.Build.0 = Release|Any CPU
		{780A2A7F-E1C2-4BEB-B19F-CE646C071E22}.Debug|Any CPU.ActiveCfg = Debug|Any CPU
		{780A2A7F-E1C2-4BEB-B19F-CE646C071E22}.Debug|Any CPU.Build.0 = Debug|Any CPU
		{780A2A7F-E1C2-4BEB-B19F-CE646C071E22}.Release|Any CPU.ActiveCfg = Release|Any CPU
		{780A2A7F-E1C2-4BEB-B19F-CE646C071E22}.Release|Any CPU.Build.0 = Release|Any CPU
		{960D335B-C40E-4635-AFD9-26FC87DAD2C3}.Debug|Any CPU.ActiveCfg = Debug|Any CPU
		{960D335B-C40E-4635-AFD9-26FC87DAD2C3}.Debug|Any CPU.Build.0 = Debug|Any CPU
		{960D335B-C40E-4635-AFD9-26FC87DAD2C3}.Release|Any CPU.ActiveCfg = Release|Any CPU
		{960D335B-C40E-4635-AFD9-26FC87DAD2C3}.Release|Any CPU.Build.0 = Release|Any CPU
		{A0704064-BDF1-496A-8DFD-B0185872E26D}.Debug|Any CPU.ActiveCfg = Debug|Any CPU
		{A0704064-BDF1-496A-8DFD-B0185872E26D}.Debug|Any CPU.Build.0 = Debug|Any CPU
		{A0704064-BDF1-496A-8DFD-B0185872E26D}.Release|Any CPU.ActiveCfg = Release|Any CPU
		{A0704064-BDF1-496A-8DFD-B0185872E26D}.Release|Any CPU.Build.0 = Release|Any CPU
		{51D35362-AC32-4FAC-96FC-A48F8DB25D89}.Debug|Any CPU.ActiveCfg = Debug|Any CPU
		{51D35362-AC32-4FAC-96FC-A48F8DB25D89}.Debug|Any CPU.Build.0 = Debug|Any CPU
		{51D35362-AC32-4FAC-96FC-A48F8DB25D89}.Release|Any CPU.ActiveCfg = Release|Any CPU
		{51D35362-AC32-4FAC-96FC-A48F8DB25D89}.Release|Any CPU.Build.0 = Release|Any CPU
		{89B30E2C-C4F7-4F5D-B1A2-4EFDD20B8BFE}.Debug|Any CPU.ActiveCfg = Debug|Any CPU
		{89B30E2C-C4F7-4F5D-B1A2-4EFDD20B8BFE}.Debug|Any CPU.Build.0 = Debug|Any CPU
		{89B30E2C-C4F7-4F5D-B1A2-4EFDD20B8BFE}.Release|Any CPU.ActiveCfg = Release|Any CPU
		{89B30E2C-C4F7-4F5D-B1A2-4EFDD20B8BFE}.Release|Any CPU.Build.0 = Release|Any CPU
		{007A14D0-7395-4AA0-8507-EB8D677BC757}.Debug|Any CPU.ActiveCfg = Debug|Any CPU
		{007A14D0-7395-4AA0-8507-EB8D677BC757}.Debug|Any CPU.Build.0 = Debug|Any CPU
		{007A14D0-7395-4AA0-8507-EB8D677BC757}.Release|Any CPU.ActiveCfg = Release|Any CPU
		{007A14D0-7395-4AA0-8507-EB8D677BC757}.Release|Any CPU.Build.0 = Release|Any CPU
		{ED34F27F-AC13-4371-B654-113C4E8FCA5B}.Debug|Any CPU.ActiveCfg = Debug|Any CPU
		{ED34F27F-AC13-4371-B654-113C4E8FCA5B}.Debug|Any CPU.Build.0 = Debug|Any CPU
		{ED34F27F-AC13-4371-B654-113C4E8FCA5B}.Release|Any CPU.ActiveCfg = Release|Any CPU
		{ED34F27F-AC13-4371-B654-113C4E8FCA5B}.Release|Any CPU.Build.0 = Release|Any CPU
		{308D8039-C44C-49CF-AF8E-4DCC60246FD1}.Debug|Any CPU.ActiveCfg = Debug|Any CPU
		{308D8039-C44C-49CF-AF8E-4DCC60246FD1}.Debug|Any CPU.Build.0 = Debug|Any CPU
		{308D8039-C44C-49CF-AF8E-4DCC60246FD1}.Release|Any CPU.ActiveCfg = Release|Any CPU
		{308D8039-C44C-49CF-AF8E-4DCC60246FD1}.Release|Any CPU.Build.0 = Release|Any CPU
	EndGlobalSection
	GlobalSection(SolutionProperties) = preSolution
		HideSolutionNode = FALSE
	EndGlobalSection
	GlobalSection(NestedProjects) = preSolution
		{39F3E099-6B64-4AD5-884E-2A0628D9D74C} = {41A99352-5E70-4215-918C-8EDF76196E60}
		{5C376212-12A7-4F32-BF86-D410AAC38B63} = {7E8EB0B0-2E8C-49BD-A44A-D4E6F21BDAE5}
		{0EB3D454-E719-4973-B411-CCA42AA9A72A} = {E493FC78-16DB-40DA-8463-B2CA97DF3B2B}
		{FC7C5639-86FB-41EC-B2F9-DFDCAC86E3EB} = {E493FC78-16DB-40DA-8463-B2CA97DF3B2B}
		{9C2B2D2F-B662-4E11-A0E8-7ECA6710E403} = {E493FC78-16DB-40DA-8463-B2CA97DF3B2B}
		{A2E6647C-8867-4059-860A-114CC4A2F388} = {BC269F87-2807-4E76-A809-E1C549BD8A83}
		{313EC0B5-ECBA-4225-BBFC-6F5A1F51BC07} = {6C07C3FF-84A9-4D8D-A01F-BA3A3CA453E9}
		{569CA993-406C-4939-BF3C-6461B7A52E3C} = {BC269F87-2807-4E76-A809-E1C549BD8A83}
		{7E8EB0B0-2E8C-49BD-A44A-D4E6F21BDAE5} = {EFB7FB57-63B8-4E5D-9748-E97B10990BFE}
		{41A99352-5E70-4215-918C-8EDF76196E60} = {EFB7FB57-63B8-4E5D-9748-E97B10990BFE}
		{6C07C3FF-84A9-4D8D-A01F-BA3A3CA453E9} = {EFB7FB57-63B8-4E5D-9748-E97B10990BFE}
		{BC269F87-2807-4E76-A809-E1C549BD8A83} = {EFB7FB57-63B8-4E5D-9748-E97B10990BFE}
		{A5461664-CF03-4444-AF7F-010C06353640} = {BC269F87-2807-4E76-A809-E1C549BD8A83}
		{A9CC27AA-8EF2-4792-A874-76D1D255B238} = {BC269F87-2807-4E76-A809-E1C549BD8A83}
		{01992500-94B3-49F7-A619-6E9855E19CC6} = {41A99352-5E70-4215-918C-8EDF76196E60}
		{F2F07158-DFC9-4A39-8740-611605A6A504} = {EFB7FB57-63B8-4E5D-9748-E97B10990BFE}
		{9094029B-31BE-4CA3-81A5-9337DDA519A0} = {F2F07158-DFC9-4A39-8740-611605A6A504}
		{BB95E7DF-E529-4326-AD7A-A8EC61C0F977} = {F2F07158-DFC9-4A39-8740-611605A6A504}
		{7959BEFC-AE4E-407C-B008-6AD0A8146D3D} = {F2F07158-DFC9-4A39-8740-611605A6A504}
		{86D581E8-824E-4741-8FF2-11A03095A3FE} = {E493FC78-16DB-40DA-8463-B2CA97DF3B2B}
		{1C5A2143-7E3C-488C-ABB2-C44D78391EFA} = {E493FC78-16DB-40DA-8463-B2CA97DF3B2B}
		{BA98013E-5EF7-40C1-984F-2B49E9F7FDC9} = {7E8EB0B0-2E8C-49BD-A44A-D4E6F21BDAE5}
		{A3AACC4E-314C-4C5C-A378-1489CB48E024} = {7E8EB0B0-2E8C-49BD-A44A-D4E6F21BDAE5}
		{70D48CC6-A388-44F9-89AC-54E01028B8ED} = {EFB7FB57-63B8-4E5D-9748-E97B10990BFE}
		{AE49AE27-667C-4C23-A314-DC916401F683} = {70D48CC6-A388-44F9-89AC-54E01028B8ED}
		{30171529-AE57-48D2-9570-37F9BCD1BD9D} = {35C1EAD9-9812-4B2E-ADD8-AC5B19BC142E}
		{0B39E366-1FFF-4372-8C1C-2CE2767A5909} = {7E8EB0B0-2E8C-49BD-A44A-D4E6F21BDAE5}
		{CD5D6A26-80AC-4CD5-8E3D-2A9937F32004} = {35C1EAD9-9812-4B2E-ADD8-AC5B19BC142E}
		{4686B608-386A-45B3-A1DB-D322053A77C6} = {35C1EAD9-9812-4B2E-ADD8-AC5B19BC142E}
		{9386E9EC-C11B-49CE-9155-ABD17627B8F6} = {41A99352-5E70-4215-918C-8EDF76196E60}
		{E8736725-0E7D-4427-833D-78D77FE14523} = {E493FC78-16DB-40DA-8463-B2CA97DF3B2B}
		{B64E8DEF-139B-4CA6-9BA7-3DD5C610C174} = {E493FC78-16DB-40DA-8463-B2CA97DF3B2B}
		{09F0B568-FD1F-4407-B525-4DCC13107011} = {EFB7FB57-63B8-4E5D-9748-E97B10990BFE}
		{71BFAF76-39E6-4F12-A425-12E745CC63E2} = {09F0B568-FD1F-4407-B525-4DCC13107011}
		{3AE260A3-CB24-4098-9204-78E7582D6B70} = {71BFAF76-39E6-4F12-A425-12E745CC63E2}
		{C1D927F4-61F0-41E8-A3AE-4F77FD0F9900} = {71BFAF76-39E6-4F12-A425-12E745CC63E2}
		{E444DBB7-207F-475E-BA7B-D198342DAA03} = {41A99352-5E70-4215-918C-8EDF76196E60}
		{FB5C7AA3-CCB9-485E-8AA6-2FAFA5A2D178} = {35C1EAD9-9812-4B2E-ADD8-AC5B19BC142E}
		{8C9DCDE9-748A-49D0-8755-252DF2059384} = {35C1EAD9-9812-4B2E-ADD8-AC5B19BC142E}
		{77DFE992-9EA1-4285-9D33-982C6BF17675} = {35C1EAD9-9812-4B2E-ADD8-AC5B19BC142E}
		{998E9900-383F-44CB-A261-43BE545B870C} = {09F0B568-FD1F-4407-B525-4DCC13107011}
		{99CE54E8-2CA6-4E9E-9518-8B1BB680AFA9} = {35C1EAD9-9812-4B2E-ADD8-AC5B19BC142E}
		{DB6CE6C9-DA58-4029-8FFF-B0FA8E979D88} = {41A99352-5E70-4215-918C-8EDF76196E60}
		{75C25E63-5602-4417-8D8A-0D22DB894FE8} = {7E8EB0B0-2E8C-49BD-A44A-D4E6F21BDAE5}
		{E85D5A4E-394D-4E74-AE07-E92CBB6A8FD7} = {35C1EAD9-9812-4B2E-ADD8-AC5B19BC142E}
		{64D68A7E-6B90-416A-BE69-EC74F37E1A4E} = {41A99352-5E70-4215-918C-8EDF76196E60}
		{780A2A7F-E1C2-4BEB-B19F-CE646C071E22} = {41A99352-5E70-4215-918C-8EDF76196E60}
		{960D335B-C40E-4635-AFD9-26FC87DAD2C3} = {09F0B568-FD1F-4407-B525-4DCC13107011}
		{A0704064-BDF1-496A-8DFD-B0185872E26D} = {09F0B568-FD1F-4407-B525-4DCC13107011}
		{51D35362-AC32-4FAC-96FC-A48F8DB25D89} = {09F0B568-FD1F-4407-B525-4DCC13107011}
		{89B30E2C-C4F7-4F5D-B1A2-4EFDD20B8BFE} = {09F0B568-FD1F-4407-B525-4DCC13107011}
		{007A14D0-7395-4AA0-8507-EB8D677BC757} = {09F0B568-FD1F-4407-B525-4DCC13107011}
		{ED34F27F-AC13-4371-B654-113C4E8FCA5B} = {35C1EAD9-9812-4B2E-ADD8-AC5B19BC142E}
		{308D8039-C44C-49CF-AF8E-4DCC60246FD1} = {41A99352-5E70-4215-918C-8EDF76196E60}
	EndGlobalSection
	GlobalSection(ExtensibilityGlobals) = postSolution
		SolutionGuid = {8467E72B-4FFE-4CE1-8650-86DBABEA5548}
	EndGlobalSection
EndGlobal
