
Microsoft Visual Studio Solution File, Format Version 12.00
# Visual Studio 14
VisualStudioVersion = 14.0.25420.1
MinimumVisualStudioVersion = 10.0.40219.1
Project("{FAE04EC0-301F-11D3-BF4B-00C04F79EFBC}") = "Bing", "src\Bing.Core\Bing.csproj", "{39F3E099-6B64-4AD5-884E-2A0628D9D74C}"
EndProject
Project("{FAE04EC0-301F-11D3-BF4B-00C04F79EFBC}") = "Bing.Utils", "src\Bing.Utils\Bing.Utils.csproj", "{5C376212-12A7-4F32-BF86-D410AAC38B63}"
EndProject
Project("{FAE04EC0-301F-11D3-BF4B-00C04F79EFBC}") = "Bing.Samples.Consoles", "sample\Bing.Samples.Consoles\Bing.Samples.Consoles.csproj", "{0EB3D454-E719-4973-B411-CCA42AA9A72A}"
EndProject
Project("{2150E333-8FDC-42A3-9474-1A3956D46DE8}") = "01-src", "01-src", "{EFB7FB57-63B8-4E5D-9748-E97B10990BFE}"
EndProject
Project("{2150E333-8FDC-42A3-9474-1A3956D46DE8}") = "02-samples", "02-samples", "{E493FC78-16DB-40DA-8463-B2CA97DF3B2B}"
EndProject
Project("{FAE04EC0-301F-11D3-BF4B-00C04F79EFBC}") = "Bing.Samples.Api", "sample\Bing.Samples.Api\Bing.Samples.Api.csproj", "{FC7C5639-86FB-41EC-B2F9-DFDCAC86E3EB}"
EndProject
Project("{FAE04EC0-301F-11D3-BF4B-00C04F79EFBC}") = "Bing.Samples.Services", "sample\Bing.Samples.Services\Bing.Samples.Services.csproj", "{9C2B2D2F-B662-4E11-A0E8-7ECA6710E403}"
EndProject
Project("{FAE04EC0-301F-11D3-BF4B-00C04F79EFBC}") = "Bing.Logs", "src\Bing.Logs\Bing.Logs.csproj", "{A2E6647C-8867-4059-860A-114CC4A2F388}"
EndProject
Project("{FAE04EC0-301F-11D3-BF4B-00C04F79EFBC}") = "Bing.Security", "src\Bing.Security\Bing.Security.csproj", "{313EC0B5-ECBA-4225-BBFC-6F5A1F51BC07}"
EndProject
Project("{FAE04EC0-301F-11D3-BF4B-00C04F79EFBC}") = "Bing.Logs.Exceptionless", "src\Bing.Logs.Exceptionless\Bing.Logs.Exceptionless.csproj", "{569CA993-406C-4939-BF3C-6461B7A52E3C}"
EndProject
Project("{2150E333-8FDC-42A3-9474-1A3956D46DE8}") = "00-Utils", "00-Utils", "{7E8EB0B0-2E8C-49BD-A44A-D4E6F21BDAE5}"
EndProject
Project("{2150E333-8FDC-42A3-9474-1A3956D46DE8}") = "01-Core", "01-Core", "{41A99352-5E70-4215-918C-8EDF76196E60}"
EndProject
Project("{2150E333-8FDC-42A3-9474-1A3956D46DE8}") = "02-Security", "02-Security", "{6C07C3FF-84A9-4D8D-A01F-BA3A3CA453E9}"
EndProject
Project("{2150E333-8FDC-42A3-9474-1A3956D46DE8}") = "03-Logs", "03-Logs", "{BC269F87-2807-4E76-A809-E1C549BD8A83}"
EndProject
Project("{FAE04EC0-301F-11D3-BF4B-00C04F79EFBC}") = "Bing.Logs.NLog", "src\Bing.Logs.NLog\Bing.Logs.NLog.csproj", "{A5461664-CF03-4444-AF7F-010C06353640}"
EndProject
Project("{FAE04EC0-301F-11D3-BF4B-00C04F79EFBC}") = "Bing.Logs.Log4Net", "src\Bing.Logs.Log4Net\Bing.Logs.Log4Net.csproj", "{A9CC27AA-8EF2-4792-A874-76D1D255B238}"
EndProject
Project("{FAE04EC0-301F-11D3-BF4B-00C04F79EFBC}") = "Bing.Aspects", "src\Bing.Aspects\Bing.Aspects.csproj", "{01992500-94B3-49F7-A619-6E9855E19CC6}"
EndProject
Global
	GlobalSection(SolutionConfigurationPlatforms) = preSolution
		Debug|Any CPU = Debug|Any CPU
		Release|Any CPU = Release|Any CPU
	EndGlobalSection
	GlobalSection(ProjectConfigurationPlatforms) = postSolution
		{39F3E099-6B64-4AD5-884E-2A0628D9D74C}.Debug|Any CPU.ActiveCfg = Debug|Any CPU
		{39F3E099-6B64-4AD5-884E-2A0628D9D74C}.Debug|Any CPU.Build.0 = Debug|Any CPU
		{39F3E099-6B64-4AD5-884E-2A0628D9D74C}.Release|Any CPU.ActiveCfg = Release|Any CPU
		{39F3E099-6B64-4AD5-884E-2A0628D9D74C}.Release|Any CPU.Build.0 = Release|Any CPU
		{5C376212-12A7-4F32-BF86-D410AAC38B63}.Debug|Any CPU.ActiveCfg = Debug|Any CPU
		{5C376212-12A7-4F32-BF86-D410AAC38B63}.Debug|Any CPU.Build.0 = Debug|Any CPU
		{5C376212-12A7-4F32-BF86-D410AAC38B63}.Release|Any CPU.ActiveCfg = Release|Any CPU
		{5C376212-12A7-4F32-BF86-D410AAC38B63}.Release|Any CPU.Build.0 = Release|Any CPU
		{0EB3D454-E719-4973-B411-CCA42AA9A72A}.Debug|Any CPU.ActiveCfg = Debug|Any CPU
		{0EB3D454-E719-4973-B411-CCA42AA9A72A}.Debug|Any CPU.Build.0 = Debug|Any CPU
		{0EB3D454-E719-4973-B411-CCA42AA9A72A}.Release|Any CPU.ActiveCfg = Release|Any CPU
		{0EB3D454-E719-4973-B411-CCA42AA9A72A}.Release|Any CPU.Build.0 = Release|Any CPU
		{FC7C5639-86FB-41EC-B2F9-DFDCAC86E3EB}.Debug|Any CPU.ActiveCfg = Debug|Any CPU
		{FC7C5639-86FB-41EC-B2F9-DFDCAC86E3EB}.Debug|Any CPU.Build.0 = Debug|Any CPU
		{FC7C5639-86FB-41EC-B2F9-DFDCAC86E3EB}.Release|Any CPU.ActiveCfg = Release|Any CPU
		{FC7C5639-86FB-41EC-B2F9-DFDCAC86E3EB}.Release|Any CPU.Build.0 = Release|Any CPU
		{9C2B2D2F-B662-4E11-A0E8-7ECA6710E403}.Debug|Any CPU.ActiveCfg = Debug|Any CPU
		{9C2B2D2F-B662-4E11-A0E8-7ECA6710E403}.Debug|Any CPU.Build.0 = Debug|Any CPU
		{9C2B2D2F-B662-4E11-A0E8-7ECA6710E403}.Release|Any CPU.ActiveCfg = Release|Any CPU
		{9C2B2D2F-B662-4E11-A0E8-7ECA6710E403}.Release|Any CPU.Build.0 = Release|Any CPU
		{A2E6647C-8867-4059-860A-114CC4A2F388}.Debug|Any CPU.ActiveCfg = Debug|Any CPU
		{A2E6647C-8867-4059-860A-114CC4A2F388}.Debug|Any CPU.Build.0 = Debug|Any CPU
		{A2E6647C-8867-4059-860A-114CC4A2F388}.Release|Any CPU.ActiveCfg = Release|Any CPU
		{A2E6647C-8867-4059-860A-114CC4A2F388}.Release|Any CPU.Build.0 = Release|Any CPU
		{313EC0B5-ECBA-4225-BBFC-6F5A1F51BC07}.Debug|Any CPU.ActiveCfg = Debug|Any CPU
		{313EC0B5-ECBA-4225-BBFC-6F5A1F51BC07}.Debug|Any CPU.Build.0 = Debug|Any CPU
		{313EC0B5-ECBA-4225-BBFC-6F5A1F51BC07}.Release|Any CPU.ActiveCfg = Release|Any CPU
		{313EC0B5-ECBA-4225-BBFC-6F5A1F51BC07}.Release|Any CPU.Build.0 = Release|Any CPU
		{569CA993-406C-4939-BF3C-6461B7A52E3C}.Debug|Any CPU.ActiveCfg = Debug|Any CPU
		{569CA993-406C-4939-BF3C-6461B7A52E3C}.Debug|Any CPU.Build.0 = Debug|Any CPU
		{569CA993-406C-4939-BF3C-6461B7A52E3C}.Release|Any CPU.ActiveCfg = Release|Any CPU
		{569CA993-406C-4939-BF3C-6461B7A52E3C}.Release|Any CPU.Build.0 = Release|Any CPU
		{A5461664-CF03-4444-AF7F-010C06353640}.Debug|Any CPU.ActiveCfg = Debug|Any CPU
		{A5461664-CF03-4444-AF7F-010C06353640}.Debug|Any CPU.Build.0 = Debug|Any CPU
		{A5461664-CF03-4444-AF7F-010C06353640}.Release|Any CPU.ActiveCfg = Release|Any CPU
		{A5461664-CF03-4444-AF7F-010C06353640}.Release|Any CPU.Build.0 = Release|Any CPU
		{A9CC27AA-8EF2-4792-A874-76D1D255B238}.Debug|Any CPU.ActiveCfg = Debug|Any CPU
		{A9CC27AA-8EF2-4792-A874-76D1D255B238}.Debug|Any CPU.Build.0 = Debug|Any CPU
		{A9CC27AA-8EF2-4792-A874-76D1D255B238}.Release|Any CPU.ActiveCfg = Release|Any CPU
		{A9CC27AA-8EF2-4792-A874-76D1D255B238}.Release|Any CPU.Build.0 = Release|Any CPU
		{01992500-94B3-49F7-A619-6E9855E19CC6}.Debug|Any CPU.ActiveCfg = Debug|Any CPU
		{01992500-94B3-49F7-A619-6E9855E19CC6}.Debug|Any CPU.Build.0 = Debug|Any CPU
		{01992500-94B3-49F7-A619-6E9855E19CC6}.Release|Any CPU.ActiveCfg = Release|Any CPU
		{01992500-94B3-49F7-A619-6E9855E19CC6}.Release|Any CPU.Build.0 = Release|Any CPU
	EndGlobalSection
	GlobalSection(SolutionProperties) = preSolution
		HideSolutionNode = FALSE
	EndGlobalSection
	GlobalSection(NestedProjects) = preSolution
		{39F3E099-6B64-4AD5-884E-2A0628D9D74C} = {41A99352-5E70-4215-918C-8EDF76196E60}
		{5C376212-12A7-4F32-BF86-D410AAC38B63} = {7E8EB0B0-2E8C-49BD-A44A-D4E6F21BDAE5}
		{0EB3D454-E719-4973-B411-CCA42AA9A72A} = {E493FC78-16DB-40DA-8463-B2CA97DF3B2B}
		{FC7C5639-86FB-41EC-B2F9-DFDCAC86E3EB} = {E493FC78-16DB-40DA-8463-B2CA97DF3B2B}
		{9C2B2D2F-B662-4E11-A0E8-7ECA6710E403} = {E493FC78-16DB-40DA-8463-B2CA97DF3B2B}
		{A2E6647C-8867-4059-860A-114CC4A2F388} = {BC269F87-2807-4E76-A809-E1C549BD8A83}
		{313EC0B5-ECBA-4225-BBFC-6F5A1F51BC07} = {6C07C3FF-84A9-4D8D-A01F-BA3A3CA453E9}
		{569CA993-406C-4939-BF3C-6461B7A52E3C} = {BC269F87-2807-4E76-A809-E1C549BD8A83}
		{7E8EB0B0-2E8C-49BD-A44A-D4E6F21BDAE5} = {EFB7FB57-63B8-4E5D-9748-E97B10990BFE}
		{41A99352-5E70-4215-918C-8EDF76196E60} = {EFB7FB57-63B8-4E5D-9748-E97B10990BFE}
		{6C07C3FF-84A9-4D8D-A01F-BA3A3CA453E9} = {EFB7FB57-63B8-4E5D-9748-E97B10990BFE}
		{BC269F87-2807-4E76-A809-E1C549BD8A83} = {EFB7FB57-63B8-4E5D-9748-E97B10990BFE}
		{A5461664-CF03-4444-AF7F-010C06353640} = {BC269F87-2807-4E76-A809-E1C549BD8A83}
		{A9CC27AA-8EF2-4792-A874-76D1D255B238} = {BC269F87-2807-4E76-A809-E1C549BD8A83}
		{01992500-94B3-49F7-A619-6E9855E19CC6} = {41A99352-5E70-4215-918C-8EDF76196E60}
	EndGlobalSection
EndGlobal
