
Microsoft Visual Studio Solution File, Format Version 12.00
# Visual Studio 14
VisualStudioVersion = 14.0.25420.1
MinimumVisualStudioVersion = 10.0.40219.1
Project("{FAE04EC0-301F-11D3-BF4B-00C04F79EFBC}") = "Bing", "src\Bing.Core\Bing.csproj", "{39F3E099-6B64-4AD5-884E-2A0628D9D74C}"
EndProject
Project("{FAE04EC0-301F-11D3-BF4B-00C04F79EFBC}") = "Bing.Utils", "src\Bing.Utils\Bing.Utils.csproj", "{5C376212-12A7-4F32-BF86-D410AAC38B63}"
EndProject
Project("{FAE04EC0-301F-11D3-BF4B-00C04F79EFBC}") = "Bing.Samples.Consoles", "sample\Bing.Samples.Consoles\Bing.Samples.Consoles.csproj", "{0EB3D454-E719-4973-B411-CCA42AA9A72A}"
EndProject
Project("{2150E333-8FDC-42A3-9474-1A3956D46DE8}") = "01-src", "01-src", "{EFB7FB57-63B8-4E5D-9748-E97B10990BFE}"
EndProject
Project("{2150E333-8FDC-42A3-9474-1A3956D46DE8}") = "02-samples", "02-samples", "{E493FC78-16DB-40DA-8463-B2CA97DF3B2B}"
EndProject
Project("{FAE04EC0-301F-11D3-BF4B-00C04F79EFBC}") = "Bing.Samples.Api", "sample\Bing.Samples.Api\Bing.Samples.Api.csproj", "{FC7C5639-86FB-41EC-B2F9-DFDCAC86E3EB}"
EndProject
Project("{FAE04EC0-301F-11D3-BF4B-00C04F79EFBC}") = "Bing.Samples.Services", "sample\Bing.Samples.Services\Bing.Samples.Services.csproj", "{9C2B2D2F-B662-4E11-A0E8-7ECA6710E403}"
	ProjectSection(ProjectDependencies) = postProject
		{1C5A2143-7E3C-488C-ABB2-C44D78391EFA} = {1C5A2143-7E3C-488C-ABB2-C44D78391EFA}
		{86D581E8-824E-4741-8FF2-11A03095A3FE} = {86D581E8-824E-4741-8FF2-11A03095A3FE}
	EndProjectSection
EndProject
Project("{FAE04EC0-301F-11D3-BF4B-00C04F79EFBC}") = "Bing.Logs", "src\Bing.Logs\Bing.Logs.csproj", "{A2E6647C-8867-4059-860A-114CC4A2F388}"
EndProject
Project("{FAE04EC0-301F-11D3-BF4B-00C04F79EFBC}") = "Bing.Security", "src\Bing.Security\Bing.Security.csproj", "{313EC0B5-ECBA-4225-BBFC-6F5A1F51BC07}"
EndProject
Project("{FAE04EC0-301F-11D3-BF4B-00C04F79EFBC}") = "Bing.Logs.Exceptionless", "src\Bing.Logs.Exceptionless\Bing.Logs.Exceptionless.csproj", "{569CA993-406C-4939-BF3C-6461B7A52E3C}"
EndProject
Project("{2150E333-8FDC-42A3-9474-1A3956D46DE8}") = "00-Utils", "00-Utils", "{7E8EB0B0-2E8C-49BD-A44A-D4E6F21BDAE5}"
EndProject
Project("{2150E333-8FDC-42A3-9474-1A3956D46DE8}") = "01-Core", "01-Core", "{41A99352-5E70-4215-918C-8EDF76196E60}"
EndProject
Project("{2150E333-8FDC-42A3-9474-1A3956D46DE8}") = "02-Security", "02-Security", "{6C07C3FF-84A9-4D8D-A01F-BA3A3CA453E9}"
EndProject
Project("{2150E333-8FDC-42A3-9474-1A3956D46DE8}") = "03-Logs", "03-Logs", "{BC269F87-2807-4E76-A809-E1C549BD8A83}"
EndProject
Project("{FAE04EC0-301F-11D3-BF4B-00C04F79EFBC}") = "Bing.Logs.NLog", "src\Bing.Logs.NLog\Bing.Logs.NLog.csproj", "{A5461664-CF03-4444-AF7F-010C06353640}"
EndProject
Project("{FAE04EC0-301F-11D3-BF4B-00C04F79EFBC}") = "Bing.Logs.Log4Net", "src\Bing.Logs.Log4Net\Bing.Logs.Log4Net.csproj", "{A9CC27AA-8EF2-4792-A874-76D1D255B238}"
EndProject
Project("{FAE04EC0-301F-11D3-BF4B-00C04F79EFBC}") = "Bing.Aspects", "src\Bing.Aspects\Bing.Aspects.csproj", "{01992500-94B3-49F7-A619-6E9855E19CC6}"
EndProject
Project("{2150E333-8FDC-42A3-9474-1A3956D46DE8}") = "04-Datas", "04-Datas", "{F2F07158-DFC9-4A39-8740-611605A6A504}"
EndProject
Project("{FAE04EC0-301F-11D3-BF4B-00C04F79EFBC}") = "Bing.Datas.EntityFramework", "src\Bing.Datas.EntityFramework\Bing.Datas.EntityFramework.csproj", "{9094029B-31BE-4CA3-81A5-9337DDA519A0}"
EndProject
Project("{FAE04EC0-301F-11D3-BF4B-00C04F79EFBC}") = "Bing.Datas.EntityFramework.MySql", "src\Bing.Datas.EntityFramework.MySql\Bing.Datas.EntityFramework.MySql.csproj", "{BB95E7DF-E529-4326-AD7A-A8EC61C0F977}"
EndProject
Project("{FAE04EC0-301F-11D3-BF4B-00C04F79EFBC}") = "Bing.Datas.EntityFramework.SqlServer", "src\Bing.Datas.EntityFramework.SqlServer\Bing.Datas.EntityFramework.SqlServer.csproj", "{7959BEFC-AE4E-407C-B008-6AD0A8146D3D}"
EndProject
Project("{FAE04EC0-301F-11D3-BF4B-00C04F79EFBC}") = "Bing.Samples.Datas", "sample\Bing.Samples.Datas\Bing.Samples.Datas.csproj", "{86D581E8-824E-4741-8FF2-11A03095A3FE}"
	ProjectSection(ProjectDependencies) = postProject
		{1C5A2143-7E3C-488C-ABB2-C44D78391EFA} = {1C5A2143-7E3C-488C-ABB2-C44D78391EFA}
	EndProjectSection
EndProject
Project("{FAE04EC0-301F-11D3-BF4B-00C04F79EFBC}") = "Bing.Samples.Domains", "sample\Bing.Samples.Domains\Bing.Samples.Domains.csproj", "{1C5A2143-7E3C-488C-ABB2-C44D78391EFA}"
EndProject
Project("{FAE04EC0-301F-11D3-BF4B-00C04F79EFBC}") = "Bing.Utils.AutoMapper", "src\Bing.Utils.AutoMapper\Bing.Utils.AutoMapper.csproj", "{BA98013E-5EF7-40C1-984F-2B49E9F7FDC9}"
EndProject
Project("{FAE04EC0-301F-11D3-BF4B-00C04F79EFBC}") = "Bing.Utils.Encrypts", "src\Bing.Utils.Encrypts\Bing.Utils.Encrypts.csproj", "{A3AACC4E-314C-4C5C-A378-1489CB48E024}"
EndProject
Project("{2150E333-8FDC-42A3-9474-1A3956D46DE8}") = "05-Generate", "05-Generate", "{70D48CC6-A388-44F9-89AC-54E01028B8ED}"
EndProject
Project("{FAE04EC0-301F-11D3-BF4B-00C04F79EFBC}") = "Bing.DbGenerater", "src\Bing.DbGenerater\Bing.DbGenerater.csproj", "{AE49AE27-667C-4C23-A314-DC916401F683}"
EndProject
Project("{2150E333-8FDC-42A3-9474-1A3956D46DE8}") = "03-tests", "03-tests", "{35C1EAD9-9812-4B2E-ADD8-AC5B19BC142E}"
EndProject
Project("{FAE04EC0-301F-11D3-BF4B-00C04F79EFBC}") = "Bing.Generate.UnitTest", "test\Bing.Generate.UnitTest\Bing.Generate.UnitTest.csproj", "{30171529-AE57-48D2-9570-37F9BCD1BD9D}"
EndProject
Project("{FAE04EC0-301F-11D3-BF4B-00C04F79EFBC}") = "Bing.Utils.Webs", "src\Bing.Utils.Webs\Bing.Utils.Webs.csproj", "{0B39E366-1FFF-4372-8C1C-2CE2767A5909}"
EndProject
Project("{FAE04EC0-301F-11D3-BF4B-00C04F79EFBC}") = "Bing.UnitTest", "test\Bing.UnitTest\Bing.UnitTest.csproj", "{CD5D6A26-80AC-4CD5-8E3D-2A9937F32004}"
EndProject
Project("{FAE04EC0-301F-11D3-BF4B-00C04F79EFBC}") = "Bing.Utils.UnitTest", "test\Bing.Utils.UnitTest\Bing.Utils.UnitTest.csproj", "{4686B608-386A-45B3-A1DB-D322053A77C6}"
EndProject
Project("{FAE04EC0-301F-11D3-BF4B-00C04F79EFBC}") = "Bing.MQ.RabbitMQ", "src\Bing.MQ.RabbitMQ\Bing.MQ.RabbitMQ.csproj", "{9386E9EC-C11B-49CE-9155-ABD17627B8F6}"
EndProject
Project("{FAE04EC0-301F-11D3-BF4B-00C04F79EFBC}") = "Bing.Samples.RabbitMQ.Host", "sample\Bing.Samples.RabbitMQ.Host\Bing.Samples.RabbitMQ.Host.csproj", "{E8736725-0E7D-4427-833D-78D77FE14523}"
EndProject
Project("{FAE04EC0-301F-11D3-BF4B-00C04F79EFBC}") = "Bing.Samples.RabbitMQ.Client", "sample\Bing.Samples.RabbitMQ.Client\Bing.Samples.RabbitMQ.Client.csproj", "{B64E8DEF-139B-4CA6-9BA7-3DD5C610C174}"
EndProject
Project("{2150E333-8FDC-42A3-9474-1A3956D46DE8}") = "06-Tools", "06-Tools", "{09F0B568-FD1F-4407-B525-4DCC13107011}"
EndProject
Project("{FAE04EC0-301F-11D3-BF4B-00C04F79EFBC}") = "Bing.Tools.Npoi", "src\Bing.Tools.Npoi\Bing.Tools.Npoi.csproj", "{75013DE5-E043-4ECA-B7DC-9092D1EBBA00}"
EndProject
Global
	GlobalSection(SolutionConfigurationPlatforms) = preSolution
		Debug|Any CPU = Debug|Any CPU
		Release|Any CPU = Release|Any CPU
	EndGlobalSection
	GlobalSection(ProjectConfigurationPlatforms) = postSolution
		{39F3E099-6B64-4AD5-884E-2A0628D9D74C}.Debug|Any CPU.ActiveCfg = Debug|Any CPU
		{39F3E099-6B64-4AD5-884E-2A0628D9D74C}.Debug|Any CPU.Build.0 = Debug|Any CPU
		{39F3E099-6B64-4AD5-884E-2A0628D9D74C}.Release|Any CPU.ActiveCfg = Release|Any CPU
		{39F3E099-6B64-4AD5-884E-2A0628D9D74C}.Release|Any CPU.Build.0 = Release|Any CPU
		{5C376212-12A7-4F32-BF86-D410AAC38B63}.Debug|Any CPU.ActiveCfg = Debug|Any CPU
		{5C376212-12A7-4F32-BF86-D410AAC38B63}.Debug|Any CPU.Build.0 = Debug|Any CPU
		{5C376212-12A7-4F32-BF86-D410AAC38B63}.Release|Any CPU.ActiveCfg = Release|Any CPU
		{5C376212-12A7-4F32-BF86-D410AAC38B63}.Release|Any CPU.Build.0 = Release|Any CPU
		{0EB3D454-E719-4973-B411-CCA42AA9A72A}.Debug|Any CPU.ActiveCfg = Debug|Any CPU
		{0EB3D454-E719-4973-B411-CCA42AA9A72A}.Debug|Any CPU.Build.0 = Debug|Any CPU
		{0EB3D454-E719-4973-B411-CCA42AA9A72A}.Release|Any CPU.ActiveCfg = Release|Any CPU
		{0EB3D454-E719-4973-B411-CCA42AA9A72A}.Release|Any CPU.Build.0 = Release|Any CPU
		{FC7C5639-86FB-41EC-B2F9-DFDCAC86E3EB}.Debug|Any CPU.ActiveCfg = Debug|Any CPU
		{FC7C5639-86FB-41EC-B2F9-DFDCAC86E3EB}.Debug|Any CPU.Build.0 = Debug|Any CPU
		{FC7C5639-86FB-41EC-B2F9-DFDCAC86E3EB}.Release|Any CPU.ActiveCfg = Release|Any CPU
		{FC7C5639-86FB-41EC-B2F9-DFDCAC86E3EB}.Release|Any CPU.Build.0 = Release|Any CPU
		{9C2B2D2F-B662-4E11-A0E8-7ECA6710E403}.Debug|Any CPU.ActiveCfg = Debug|Any CPU
		{9C2B2D2F-B662-4E11-A0E8-7ECA6710E403}.Debug|Any CPU.Build.0 = Debug|Any CPU
		{9C2B2D2F-B662-4E11-A0E8-7ECA6710E403}.Release|Any CPU.ActiveCfg = Release|Any CPU
		{9C2B2D2F-B662-4E11-A0E8-7ECA6710E403}.Release|Any CPU.Build.0 = Release|Any CPU
		{A2E6647C-8867-4059-860A-114CC4A2F388}.Debug|Any CPU.ActiveCfg = Debug|Any CPU
		{A2E6647C-8867-4059-860A-114CC4A2F388}.Debug|Any CPU.Build.0 = Debug|Any CPU
		{A2E6647C-8867-4059-860A-114CC4A2F388}.Release|Any CPU.ActiveCfg = Release|Any CPU
		{A2E6647C-8867-4059-860A-114CC4A2F388}.Release|Any CPU.Build.0 = Release|Any CPU
		{313EC0B5-ECBA-4225-BBFC-6F5A1F51BC07}.Debug|Any CPU.ActiveCfg = Debug|Any CPU
		{313EC0B5-ECBA-4225-BBFC-6F5A1F51BC07}.Debug|Any CPU.Build.0 = Debug|Any CPU
		{313EC0B5-ECBA-4225-BBFC-6F5A1F51BC07}.Release|Any CPU.ActiveCfg = Release|Any CPU
		{313EC0B5-ECBA-4225-BBFC-6F5A1F51BC07}.Release|Any CPU.Build.0 = Release|Any CPU
		{569CA993-406C-4939-BF3C-6461B7A52E3C}.Debug|Any CPU.ActiveCfg = Debug|Any CPU
		{569CA993-406C-4939-BF3C-6461B7A52E3C}.Debug|Any CPU.Build.0 = Debug|Any CPU
		{569CA993-406C-4939-BF3C-6461B7A52E3C}.Release|Any CPU.ActiveCfg = Release|Any CPU
		{569CA993-406C-4939-BF3C-6461B7A52E3C}.Release|Any CPU.Build.0 = Release|Any CPU
		{A5461664-CF03-4444-AF7F-010C06353640}.Debug|Any CPU.ActiveCfg = Debug|Any CPU
		{A5461664-CF03-4444-AF7F-010C06353640}.Debug|Any CPU.Build.0 = Debug|Any CPU
		{A5461664-CF03-4444-AF7F-010C06353640}.Release|Any CPU.ActiveCfg = Release|Any CPU
		{A5461664-CF03-4444-AF7F-010C06353640}.Release|Any CPU.Build.0 = Release|Any CPU
		{A9CC27AA-8EF2-4792-A874-76D1D255B238}.Debug|Any CPU.ActiveCfg = Debug|Any CPU
		{A9CC27AA-8EF2-4792-A874-76D1D255B238}.Debug|Any CPU.Build.0 = Debug|Any CPU
		{A9CC27AA-8EF2-4792-A874-76D1D255B238}.Release|Any CPU.ActiveCfg = Release|Any CPU
		{A9CC27AA-8EF2-4792-A874-76D1D255B238}.Release|Any CPU.Build.0 = Release|Any CPU
		{01992500-94B3-49F7-A619-6E9855E19CC6}.Debug|Any CPU.ActiveCfg = Debug|Any CPU
		{01992500-94B3-49F7-A619-6E9855E19CC6}.Debug|Any CPU.Build.0 = Debug|Any CPU
		{01992500-94B3-49F7-A619-6E9855E19CC6}.Release|Any CPU.ActiveCfg = Release|Any CPU
		{01992500-94B3-49F7-A619-6E9855E19CC6}.Release|Any CPU.Build.0 = Release|Any CPU
		{9094029B-31BE-4CA3-81A5-9337DDA519A0}.Debug|Any CPU.ActiveCfg = Debug|Any CPU
		{9094029B-31BE-4CA3-81A5-9337DDA519A0}.Debug|Any CPU.Build.0 = Debug|Any CPU
		{9094029B-31BE-4CA3-81A5-9337DDA519A0}.Release|Any CPU.ActiveCfg = Release|Any CPU
		{9094029B-31BE-4CA3-81A5-9337DDA519A0}.Release|Any CPU.Build.0 = Release|Any CPU
		{BB95E7DF-E529-4326-AD7A-A8EC61C0F977}.Debug|Any CPU.ActiveCfg = Debug|Any CPU
		{BB95E7DF-E529-4326-AD7A-A8EC61C0F977}.Debug|Any CPU.Build.0 = Debug|Any CPU
		{BB95E7DF-E529-4326-AD7A-A8EC61C0F977}.Release|Any CPU.ActiveCfg = Release|Any CPU
		{BB95E7DF-E529-4326-AD7A-A8EC61C0F977}.Release|Any CPU.Build.0 = Release|Any CPU
		{7959BEFC-AE4E-407C-B008-6AD0A8146D3D}.Debug|Any CPU.ActiveCfg = Debug|Any CPU
		{7959BEFC-AE4E-407C-B008-6AD0A8146D3D}.Debug|Any CPU.Build.0 = Debug|Any CPU
		{7959BEFC-AE4E-407C-B008-6AD0A8146D3D}.Release|Any CPU.ActiveCfg = Release|Any CPU
		{7959BEFC-AE4E-407C-B008-6AD0A8146D3D}.Release|Any CPU.Build.0 = Release|Any CPU
		{86D581E8-824E-4741-8FF2-11A03095A3FE}.Debug|Any CPU.ActiveCfg = Debug|Any CPU
		{86D581E8-824E-4741-8FF2-11A03095A3FE}.Debug|Any CPU.Build.0 = Debug|Any CPU
		{86D581E8-824E-4741-8FF2-11A03095A3FE}.Release|Any CPU.ActiveCfg = Release|Any CPU
		{86D581E8-824E-4741-8FF2-11A03095A3FE}.Release|Any CPU.Build.0 = Release|Any CPU
		{1C5A2143-7E3C-488C-ABB2-C44D78391EFA}.Debug|Any CPU.ActiveCfg = Debug|Any CPU
		{1C5A2143-7E3C-488C-ABB2-C44D78391EFA}.Debug|Any CPU.Build.0 = Debug|Any CPU
		{1C5A2143-7E3C-488C-ABB2-C44D78391EFA}.Release|Any CPU.ActiveCfg = Release|Any CPU
		{1C5A2143-7E3C-488C-ABB2-C44D78391EFA}.Release|Any CPU.Build.0 = Release|Any CPU
		{BA98013E-5EF7-40C1-984F-2B49E9F7FDC9}.Debug|Any CPU.ActiveCfg = Debug|Any CPU
		{BA98013E-5EF7-40C1-984F-2B49E9F7FDC9}.Debug|Any CPU.Build.0 = Debug|Any CPU
		{BA98013E-5EF7-40C1-984F-2B49E9F7FDC9}.Release|Any CPU.ActiveCfg = Release|Any CPU
		{BA98013E-5EF7-40C1-984F-2B49E9F7FDC9}.Release|Any CPU.Build.0 = Release|Any CPU
		{A3AACC4E-314C-4C5C-A378-1489CB48E024}.Debug|Any CPU.ActiveCfg = Debug|Any CPU
		{A3AACC4E-314C-4C5C-A378-1489CB48E024}.Debug|Any CPU.Build.0 = Debug|Any CPU
		{A3AACC4E-314C-4C5C-A378-1489CB48E024}.Release|Any CPU.ActiveCfg = Release|Any CPU
		{A3AACC4E-314C-4C5C-A378-1489CB48E024}.Release|Any CPU.Build.0 = Release|Any CPU
		{AE49AE27-667C-4C23-A314-DC916401F683}.Debug|Any CPU.ActiveCfg = Debug|Any CPU
		{AE49AE27-667C-4C23-A314-DC916401F683}.Debug|Any CPU.Build.0 = Debug|Any CPU
		{AE49AE27-667C-4C23-A314-DC916401F683}.Release|Any CPU.ActiveCfg = Release|Any CPU
		{AE49AE27-667C-4C23-A314-DC916401F683}.Release|Any CPU.Build.0 = Release|Any CPU
		{30171529-AE57-48D2-9570-37F9BCD1BD9D}.Debug|Any CPU.ActiveCfg = Debug|Any CPU
		{30171529-AE57-48D2-9570-37F9BCD1BD9D}.Debug|Any CPU.Build.0 = Debug|Any CPU
		{30171529-AE57-48D2-9570-37F9BCD1BD9D}.Release|Any CPU.ActiveCfg = Release|Any CPU
		{30171529-AE57-48D2-9570-37F9BCD1BD9D}.Release|Any CPU.Build.0 = Release|Any CPU
		{0B39E366-1FFF-4372-8C1C-2CE2767A5909}.Debug|Any CPU.ActiveCfg = Debug|Any CPU
		{0B39E366-1FFF-4372-8C1C-2CE2767A5909}.Debug|Any CPU.Build.0 = Debug|Any CPU
		{0B39E366-1FFF-4372-8C1C-2CE2767A5909}.Release|Any CPU.ActiveCfg = Release|Any CPU
		{0B39E366-1FFF-4372-8C1C-2CE2767A5909}.Release|Any CPU.Build.0 = Release|Any CPU
		{CD5D6A26-80AC-4CD5-8E3D-2A9937F32004}.Debug|Any CPU.ActiveCfg = Debug|Any CPU
		{CD5D6A26-80AC-4CD5-8E3D-2A9937F32004}.Debug|Any CPU.Build.0 = Debug|Any CPU
		{CD5D6A26-80AC-4CD5-8E3D-2A9937F32004}.Release|Any CPU.ActiveCfg = Release|Any CPU
		{CD5D6A26-80AC-4CD5-8E3D-2A9937F32004}.Release|Any CPU.Build.0 = Release|Any CPU
		{4686B608-386A-45B3-A1DB-D322053A77C6}.Debug|Any CPU.ActiveCfg = Debug|Any CPU
		{4686B608-386A-45B3-A1DB-D322053A77C6}.Debug|Any CPU.Build.0 = Debug|Any CPU
		{4686B608-386A-45B3-A1DB-D322053A77C6}.Release|Any CPU.ActiveCfg = Release|Any CPU
		{4686B608-386A-45B3-A1DB-D322053A77C6}.Release|Any CPU.Build.0 = Release|Any CPU
		{9386E9EC-C11B-49CE-9155-ABD17627B8F6}.Debug|Any CPU.ActiveCfg = Debug|Any CPU
		{9386E9EC-C11B-49CE-9155-ABD17627B8F6}.Debug|Any CPU.Build.0 = Debug|Any CPU
		{9386E9EC-C11B-49CE-9155-ABD17627B8F6}.Release|Any CPU.ActiveCfg = Release|Any CPU
		{9386E9EC-C11B-49CE-9155-ABD17627B8F6}.Release|Any CPU.Build.0 = Release|Any CPU
		{E8736725-0E7D-4427-833D-78D77FE14523}.Debug|Any CPU.ActiveCfg = Debug|Any CPU
		{E8736725-0E7D-4427-833D-78D77FE14523}.Debug|Any CPU.Build.0 = Debug|Any CPU
		{E8736725-0E7D-4427-833D-78D77FE14523}.Release|Any CPU.ActiveCfg = Release|Any CPU
		{E8736725-0E7D-4427-833D-78D77FE14523}.Release|Any CPU.Build.0 = Release|Any CPU
		{B64E8DEF-139B-4CA6-9BA7-3DD5C610C174}.Debug|Any CPU.ActiveCfg = Debug|Any CPU
		{B64E8DEF-139B-4CA6-9BA7-3DD5C610C174}.Debug|Any CPU.Build.0 = Debug|Any CPU
		{B64E8DEF-139B-4CA6-9BA7-3DD5C610C174}.Release|Any CPU.ActiveCfg = Release|Any CPU
		{B64E8DEF-139B-4CA6-9BA7-3DD5C610C174}.Release|Any CPU.Build.0 = Release|Any CPU
		{75013DE5-E043-4ECA-B7DC-9092D1EBBA00}.Debug|Any CPU.ActiveCfg = Debug|Any CPU
		{75013DE5-E043-4ECA-B7DC-9092D1EBBA00}.Debug|Any CPU.Build.0 = Debug|Any CPU
		{75013DE5-E043-4ECA-B7DC-9092D1EBBA00}.Release|Any CPU.ActiveCfg = Release|Any CPU
		{75013DE5-E043-4ECA-B7DC-9092D1EBBA00}.Release|Any CPU.Build.0 = Release|Any CPU
	EndGlobalSection
	GlobalSection(SolutionProperties) = preSolution
		HideSolutionNode = FALSE
	EndGlobalSection
	GlobalSection(NestedProjects) = preSolution
		{39F3E099-6B64-4AD5-884E-2A0628D9D74C} = {41A99352-5E70-4215-918C-8EDF76196E60}
		{5C376212-12A7-4F32-BF86-D410AAC38B63} = {7E8EB0B0-2E8C-49BD-A44A-D4E6F21BDAE5}
		{0EB3D454-E719-4973-B411-CCA42AA9A72A} = {E493FC78-16DB-40DA-8463-B2CA97DF3B2B}
		{FC7C5639-86FB-41EC-B2F9-DFDCAC86E3EB} = {E493FC78-16DB-40DA-8463-B2CA97DF3B2B}
		{9C2B2D2F-B662-4E11-A0E8-7ECA6710E403} = {E493FC78-16DB-40DA-8463-B2CA97DF3B2B}
		{A2E6647C-8867-4059-860A-114CC4A2F388} = {BC269F87-2807-4E76-A809-E1C549BD8A83}
		{313EC0B5-ECBA-4225-BBFC-6F5A1F51BC07} = {6C07C3FF-84A9-4D8D-A01F-BA3A3CA453E9}
		{569CA993-406C-4939-BF3C-6461B7A52E3C} = {BC269F87-2807-4E76-A809-E1C549BD8A83}
		{7E8EB0B0-2E8C-49BD-A44A-D4E6F21BDAE5} = {EFB7FB57-63B8-4E5D-9748-E97B10990BFE}
		{41A99352-5E70-4215-918C-8EDF76196E60} = {EFB7FB57-63B8-4E5D-9748-E97B10990BFE}
		{6C07C3FF-84A9-4D8D-A01F-BA3A3CA453E9} = {EFB7FB57-63B8-4E5D-9748-E97B10990BFE}
		{BC269F87-2807-4E76-A809-E1C549BD8A83} = {EFB7FB57-63B8-4E5D-9748-E97B10990BFE}
		{A5461664-CF03-4444-AF7F-010C06353640} = {BC269F87-2807-4E76-A809-E1C549BD8A83}
		{A9CC27AA-8EF2-4792-A874-76D1D255B238} = {BC269F87-2807-4E76-A809-E1C549BD8A83}
		{01992500-94B3-49F7-A619-6E9855E19CC6} = {41A99352-5E70-4215-918C-8EDF76196E60}
		{F2F07158-DFC9-4A39-8740-611605A6A504} = {EFB7FB57-63B8-4E5D-9748-E97B10990BFE}
		{9094029B-31BE-4CA3-81A5-9337DDA519A0} = {F2F07158-DFC9-4A39-8740-611605A6A504}
		{BB95E7DF-E529-4326-AD7A-A8EC61C0F977} = {F2F07158-DFC9-4A39-8740-611605A6A504}
		{7959BEFC-AE4E-407C-B008-6AD0A8146D3D} = {F2F07158-DFC9-4A39-8740-611605A6A504}
		{86D581E8-824E-4741-8FF2-11A03095A3FE} = {E493FC78-16DB-40DA-8463-B2CA97DF3B2B}
		{1C5A2143-7E3C-488C-ABB2-C44D78391EFA} = {E493FC78-16DB-40DA-8463-B2CA97DF3B2B}
		{BA98013E-5EF7-40C1-984F-2B49E9F7FDC9} = {7E8EB0B0-2E8C-49BD-A44A-D4E6F21BDAE5}
		{A3AACC4E-314C-4C5C-A378-1489CB48E024} = {7E8EB0B0-2E8C-49BD-A44A-D4E6F21BDAE5}
		{70D48CC6-A388-44F9-89AC-54E01028B8ED} = {EFB7FB57-63B8-4E5D-9748-E97B10990BFE}
		{AE49AE27-667C-4C23-A314-DC916401F683} = {70D48CC6-A388-44F9-89AC-54E01028B8ED}
		{30171529-AE57-48D2-9570-37F9BCD1BD9D} = {35C1EAD9-9812-4B2E-ADD8-AC5B19BC142E}
		{0B39E366-1FFF-4372-8C1C-2CE2767A5909} = {7E8EB0B0-2E8C-49BD-A44A-D4E6F21BDAE5}
		{CD5D6A26-80AC-4CD5-8E3D-2A9937F32004} = {35C1EAD9-9812-4B2E-ADD8-AC5B19BC142E}
		{4686B608-386A-45B3-A1DB-D322053A77C6} = {35C1EAD9-9812-4B2E-ADD8-AC5B19BC142E}
		{9386E9EC-C11B-49CE-9155-ABD17627B8F6} = {41A99352-5E70-4215-918C-8EDF76196E60}
		{E8736725-0E7D-4427-833D-78D77FE14523} = {E493FC78-16DB-40DA-8463-B2CA97DF3B2B}
		{B64E8DEF-139B-4CA6-9BA7-3DD5C610C174} = {E493FC78-16DB-40DA-8463-B2CA97DF3B2B}
		{09F0B568-FD1F-4407-B525-4DCC13107011} = {EFB7FB57-63B8-4E5D-9748-E97B10990BFE}
		{75013DE5-E043-4ECA-B7DC-9092D1EBBA00} = {09F0B568-FD1F-4407-B525-4DCC13107011}
	EndGlobalSection
EndGlobal
